// !$*UTF8*$!
{
	archiveVersion = 1;
	classes = {
	};
	objectVersion = 50;
	objects = {

/* Begin PBXBuildFile section */
		0D46213C23216C0F00BEBC6F /* AppDelegate.m in Sources */ = {isa = PBXBuildFile; fileRef = 0D46213B23216C0F00BEBC6F /* AppDelegate.m */; };
		0D46213F23216C0F00BEBC6F /* ViewController.m in Sources */ = {isa = PBXBuildFile; fileRef = 0D46213E23216C0F00BEBC6F /* ViewController.m */; };
		0D46214223216C0F00BEBC6F /* Main.storyboard in Resources */ = {isa = PBXBuildFile; fileRef = 0D46214023216C0F00BEBC6F /* Main.storyboard */; };
		0D46214423216C1000BEBC6F /* Assets.xcassets in Resources */ = {isa = PBXBuildFile; fileRef = 0D46214323216C1000BEBC6F /* Assets.xcassets */; };
		0D46214723216C1000BEBC6F /* LaunchScreen.storyboard in Resources */ = {isa = PBXBuildFile; fileRef = 0D46214523216C1000BEBC6F /* LaunchScreen.storyboard */; };
		0D46214A23216C1000BEBC6F /* main.m in Sources */ = {isa = PBXBuildFile; fileRef = 0D46214923216C1000BEBC6F /* main.m */; };
		0D46215423216C1000BEBC6F /* PMVCTests.m in Sources */ = {isa = PBXBuildFile; fileRef = 0D46215323216C1000BEBC6F /* PMVCTests.m */; };
		0D46215F23216C1000BEBC6F /* PMVCUITests.m in Sources */ = {isa = PBXBuildFile; fileRef = 0D46215E23216C1000BEBC6F /* PMVCUITests.m */; };
		0D4621A523216D9100BEBC6F /* UITextView(MVVM).m in Sources */ = {isa = PBXBuildFile; fileRef = 0D46217323216D9100BEBC6F /* UITextView(MVVM).m */; };
		0D4621A623216D9100BEBC6F /* VVPureEmotionsInputView.m in Sources */ = {isa = PBXBuildFile; fileRef = 0D46217423216D9100BEBC6F /* VVPureEmotionsInputView.m */; };
		0D4621A723216D9100BEBC6F /* UIMvvmKeyboardManager.m in Sources */ = {isa = PBXBuildFile; fileRef = 0D46217C23216D9100BEBC6F /* UIMvvmKeyboardManager.m */; };
		0D4621A823216D9100BEBC6F /* UIMvvmScrollView.m in Sources */ = {isa = PBXBuildFile; fileRef = 0D46218123216D9100BEBC6F /* UIMvvmScrollView.m */; };
		0D4621A923216D9100BEBC6F /* UIMvvmLabel.m in Sources */ = {isa = PBXBuildFile; fileRef = 0D46218223216D9100BEBC6F /* UIMvvmLabel.m */; };
		0D4621AA23216D9100BEBC6F /* UITextViewLengthFilter.m in Sources */ = {isa = PBXBuildFile; fileRef = 0D46218323216D9100BEBC6F /* UITextViewLengthFilter.m */; };
		0D4621AB23216D9100BEBC6F /* UIMvvmView.m in Sources */ = {isa = PBXBuildFile; fileRef = 0D46218423216D9100BEBC6F /* UIMvvmView.m */; };
		0D4621AC23216D9100BEBC6F /* UIMVVMButton.m in Sources */ = {isa = PBXBuildFile; fileRef = 0D46218523216D9100BEBC6F /* UIMVVMButton.m */; };
		0D4621AD23216D9100BEBC6F /* UIButton+VVTouch.m in Sources */ = {isa = PBXBuildFile; fileRef = 0D46218623216D9100BEBC6F /* UIButton+VVTouch.m */; };
		0D4621AE23216D9100BEBC6F /* UITextFieldLengthFilter.m in Sources */ = {isa = PBXBuildFile; fileRef = 0D46218723216D9100BEBC6F /* UITextFieldLengthFilter.m */; };
		0D4621AF23216D9100BEBC6F /* UIViewControllerMvvmExentionBridger.m in Sources */ = {isa = PBXBuildFile; fileRef = 0D46218923216D9100BEBC6F /* UIViewControllerMvvmExentionBridger.m */; };
		0D4621B023216D9100BEBC6F /* NSObject+HeadElasticity.m in Sources */ = {isa = PBXBuildFile; fileRef = 0D46218A23216D9100BEBC6F /* NSObject+HeadElasticity.m */; };
		0D4621B123216D9100BEBC6F /* VVConfigurableModel.m in Sources */ = {isa = PBXBuildFile; fileRef = 0D46219123216D9100BEBC6F /* VVConfigurableModel.m */; };
		0D4621B223216D9100BEBC6F /* VVConfigurableTableViewCell.m in Sources */ = {isa = PBXBuildFile; fileRef = 0D46219823216D9100BEBC6F /* VVConfigurableTableViewCell.m */; };
		0D4621B323216D9100BEBC6F /* VVConfigurableTableViewHeaderFooterView.m in Sources */ = {isa = PBXBuildFile; fileRef = 0D46219923216D9100BEBC6F /* VVConfigurableTableViewHeaderFooterView.m */; };
		0D4621B423216D9100BEBC6F /* VVConfigurableView.m in Sources */ = {isa = PBXBuildFile; fileRef = 0D46219A23216D9100BEBC6F /* VVConfigurableView.m */; };
		0D4621B523216D9100BEBC6F /* UIView+MVVM.m in Sources */ = {isa = PBXBuildFile; fileRef = 0D46219D23216D9100BEBC6F /* UIView+MVVM.m */; };
		0D4621B623216D9100BEBC6F /* UITableView+MVVM.m in Sources */ = {isa = PBXBuildFile; fileRef = 0D4621A123216D9100BEBC6F /* UITableView+MVVM.m */; };
		0D4621B723216D9100BEBC6F /* UIViewController+MVVM.m in Sources */ = {isa = PBXBuildFile; fileRef = 0D4621A323216D9100BEBC6F /* UIViewController+MVVM.m */; };
		0D4621B823216D9100BEBC6F /* UICollectionView+MVVM.m in Sources */ = {isa = PBXBuildFile; fileRef = 0D4621A423216D9100BEBC6F /* UICollectionView+MVVM.m */; };
/* End PBXBuildFile section */

/* Begin PBXContainerItemProxy section */
		0D46215023216C1000BEBC6F /* PBXContainerItemProxy */ = {
			isa = PBXContainerItemProxy;
			containerPortal = 0D46212F23216C0F00BEBC6F /* Project object */;
			proxyType = 1;
			remoteGlobalIDString = 0D46213623216C0F00BEBC6F;
			remoteInfo = PMVC;
		};
		0D46215B23216C1000BEBC6F /* PBXContainerItemProxy */ = {
			isa = PBXContainerItemProxy;
			containerPortal = 0D46212F23216C0F00BEBC6F /* Project object */;
			proxyType = 1;
			remoteGlobalIDString = 0D46213623216C0F00BEBC6F;
			remoteInfo = PMVC;
		};
/* End PBXContainerItemProxy section */

/* Begin PBXFileReference section */
		0D46213723216C0F00BEBC6F /* PMVC.app */ = {isa = PBXFileReference; explicitFileType = wrapper.application; includeInIndex = 0; path = PMVC.app; sourceTree = BUILT_PRODUCTS_DIR; };
		0D46213A23216C0F00BEBC6F /* AppDelegate.h */ = {isa = PBXFileReference; lastKnownFileType = sourcecode.c.h; path = AppDelegate.h; sourceTree = "<group>"; };
		0D46213B23216C0F00BEBC6F /* AppDelegate.m */ = {isa = PBXFileReference; lastKnownFileType = sourcecode.c.objc; path = AppDelegate.m; sourceTree = "<group>"; };
		0D46213D23216C0F00BEBC6F /* ViewController.h */ = {isa = PBXFileReference; lastKnownFileType = sourcecode.c.h; path = ViewController.h; sourceTree = "<group>"; };
		0D46213E23216C0F00BEBC6F /* ViewController.m */ = {isa = PBXFileReference; lastKnownFileType = sourcecode.c.objc; path = ViewController.m; sourceTree = "<group>"; };
		0D46214123216C0F00BEBC6F /* Base */ = {isa = PBXFileReference; lastKnownFileType = file.storyboard; name = Base; path = Base.lproj/Main.storyboard; sourceTree = "<group>"; };
		0D46214323216C1000BEBC6F /* Assets.xcassets */ = {isa = PBXFileReference; lastKnownFileType = folder.assetcatalog; path = Assets.xcassets; sourceTree = "<group>"; };
		0D46214623216C1000BEBC6F /* Base */ = {isa = PBXFileReference; lastKnownFileType = file.storyboard; name = Base; path = Base.lproj/LaunchScreen.storyboard; sourceTree = "<group>"; };
		0D46214823216C1000BEBC6F /* Info.plist */ = {isa = PBXFileReference; lastKnownFileType = text.plist.xml; path = Info.plist; sourceTree = "<group>"; };
		0D46214923216C1000BEBC6F /* main.m */ = {isa = PBXFileReference; lastKnownFileType = sourcecode.c.objc; path = main.m; sourceTree = "<group>"; };
		0D46214F23216C1000BEBC6F /* PMVCTests.xctest */ = {isa = PBXFileReference; explicitFileType = wrapper.cfbundle; includeInIndex = 0; path = PMVCTests.xctest; sourceTree = BUILT_PRODUCTS_DIR; };
		0D46215323216C1000BEBC6F /* PMVCTests.m */ = {isa = PBXFileReference; lastKnownFileType = sourcecode.c.objc; path = PMVCTests.m; sourceTree = "<group>"; };
		0D46215523216C1000BEBC6F /* Info.plist */ = {isa = PBXFileReference; lastKnownFileType = text.plist.xml; path = Info.plist; sourceTree = "<group>"; };
		0D46215A23216C1000BEBC6F /* PMVCUITests.xctest */ = {isa = PBXFileReference; explicitFileType = wrapper.cfbundle; includeInIndex = 0; path = PMVCUITests.xctest; sourceTree = BUILT_PRODUCTS_DIR; };
		0D46215E23216C1000BEBC6F /* PMVCUITests.m */ = {isa = PBXFileReference; lastKnownFileType = sourcecode.c.objc; path = PMVCUITests.m; sourceTree = "<group>"; };
		0D46216023216C1000BEBC6F /* Info.plist */ = {isa = PBXFileReference; lastKnownFileType = text.plist.xml; path = Info.plist; sourceTree = "<group>"; };
		0D46217323216D9100BEBC6F /* UITextView(MVVM).m */ = {isa = PBXFileReference; fileEncoding = 4; lastKnownFileType = sourcecode.c.objc; path = "UITextView(MVVM).m"; sourceTree = "<group>"; };
		0D46217423216D9100BEBC6F /* VVPureEmotionsInputView.m */ = {isa = PBXFileReference; fileEncoding = 4; lastKnownFileType = sourcecode.c.objc; path = VVPureEmotionsInputView.m; sourceTree = "<group>"; };
		0D46217523216D9100BEBC6F /* UIMvvmView.h */ = {isa = PBXFileReference; fileEncoding = 4; lastKnownFileType = sourcecode.c.h; path = UIMvvmView.h; sourceTree = "<group>"; };
		0D46217623216D9100BEBC6F /* UITextViewLengthFilter.h */ = {isa = PBXFileReference; fileEncoding = 4; lastKnownFileType = sourcecode.c.h; path = UITextViewLengthFilter.h; sourceTree = "<group>"; };
		0D46217723216D9100BEBC6F /* UIMvvmScrollView.h */ = {isa = PBXFileReference; fileEncoding = 4; lastKnownFileType = sourcecode.c.h; path = UIMvvmScrollView.h; sourceTree = "<group>"; };
		0D46217823216D9100BEBC6F /* UIMvvmLabel.h */ = {isa = PBXFileReference; fileEncoding = 4; lastKnownFileType = sourcecode.c.h; path = UIMvvmLabel.h; sourceTree = "<group>"; };
		0D46217923216D9100BEBC6F /* UIMVVMButton.h */ = {isa = PBXFileReference; fileEncoding = 4; lastKnownFileType = sourcecode.c.h; path = UIMVVMButton.h; sourceTree = "<group>"; };
		0D46217A23216D9100BEBC6F /* NSObject+HeadElasticity.h */ = {isa = PBXFileReference; fileEncoding = 4; lastKnownFileType = sourcecode.c.h; path = "NSObject+HeadElasticity.h"; sourceTree = "<group>"; };
		0D46217B23216D9100BEBC6F /* UIViewControllerMvvmExentionBridger.h */ = {isa = PBXFileReference; fileEncoding = 4; lastKnownFileType = sourcecode.c.h; path = UIViewControllerMvvmExentionBridger.h; sourceTree = "<group>"; };
		0D46217C23216D9100BEBC6F /* UIMvvmKeyboardManager.m */ = {isa = PBXFileReference; fileEncoding = 4; lastKnownFileType = sourcecode.c.objc; path = UIMvvmKeyboardManager.m; sourceTree = "<group>"; };
		0D46217D23216D9100BEBC6F /* UIButton+VVTouch.h */ = {isa = PBXFileReference; fileEncoding = 4; lastKnownFileType = sourcecode.c.h; path = "UIButton+VVTouch.h"; sourceTree = "<group>"; };
		0D46217E23216D9100BEBC6F /* UITextFieldLengthFilter.h */ = {isa = PBXFileReference; fileEncoding = 4; lastKnownFileType = sourcecode.c.h; path = UITextFieldLengthFilter.h; sourceTree = "<group>"; };
		0D46217F23216D9100BEBC6F /* VVPureEmotionsInputView.h */ = {isa = PBXFileReference; fileEncoding = 4; lastKnownFileType = sourcecode.c.h; path = VVPureEmotionsInputView.h; sourceTree = "<group>"; };
		0D46218023216D9100BEBC6F /* UITextView(MVVM).h */ = {isa = PBXFileReference; fileEncoding = 4; lastKnownFileType = sourcecode.c.h; path = "UITextView(MVVM).h"; sourceTree = "<group>"; };
		0D46218123216D9100BEBC6F /* UIMvvmScrollView.m */ = {isa = PBXFileReference; fileEncoding = 4; lastKnownFileType = sourcecode.c.objc; path = UIMvvmScrollView.m; sourceTree = "<group>"; };
		0D46218223216D9100BEBC6F /* UIMvvmLabel.m */ = {isa = PBXFileReference; fileEncoding = 4; lastKnownFileType = sourcecode.c.objc; path = UIMvvmLabel.m; sourceTree = "<group>"; };
		0D46218323216D9100BEBC6F /* UITextViewLengthFilter.m */ = {isa = PBXFileReference; fileEncoding = 4; lastKnownFileType = sourcecode.c.objc; path = UITextViewLengthFilter.m; sourceTree = "<group>"; };
		0D46218423216D9100BEBC6F /* UIMvvmView.m */ = {isa = PBXFileReference; fileEncoding = 4; lastKnownFileType = sourcecode.c.objc; path = UIMvvmView.m; sourceTree = "<group>"; };
		0D46218523216D9100BEBC6F /* UIMVVMButton.m */ = {isa = PBXFileReference; fileEncoding = 4; lastKnownFileType = sourcecode.c.objc; path = UIMVVMButton.m; sourceTree = "<group>"; };
		0D46218623216D9100BEBC6F /* UIButton+VVTouch.m */ = {isa = PBXFileReference; fileEncoding = 4; lastKnownFileType = sourcecode.c.objc; path = "UIButton+VVTouch.m"; sourceTree = "<group>"; };
		0D46218723216D9100BEBC6F /* UITextFieldLengthFilter.m */ = {isa = PBXFileReference; fileEncoding = 4; lastKnownFileType = sourcecode.c.objc; path = UITextFieldLengthFilter.m; sourceTree = "<group>"; };
		0D46218823216D9100BEBC6F /* UIMvvmKeyboardManager.h */ = {isa = PBXFileReference; fileEncoding = 4; lastKnownFileType = sourcecode.c.h; path = UIMvvmKeyboardManager.h; sourceTree = "<group>"; };
		0D46218923216D9100BEBC6F /* UIViewControllerMvvmExentionBridger.m */ = {isa = PBXFileReference; fileEncoding = 4; lastKnownFileType = sourcecode.c.objc; path = UIViewControllerMvvmExentionBridger.m; sourceTree = "<group>"; };
		0D46218A23216D9100BEBC6F /* NSObject+HeadElasticity.m */ = {isa = PBXFileReference; fileEncoding = 4; lastKnownFileType = sourcecode.c.objc; path = "NSObject+HeadElasticity.m"; sourceTree = "<group>"; };
		0D46218E23216D9100BEBC6F /* VVConfigurableDelegateProtocol.h */ = {isa = PBXFileReference; fileEncoding = 4; lastKnownFileType = sourcecode.c.h; path = VVConfigurableDelegateProtocol.h; sourceTree = "<group>"; };
		0D46218F23216D9100BEBC6F /* VVConfigurableDataSourceProtocol.h */ = {isa = PBXFileReference; fileEncoding = 4; lastKnownFileType = sourcecode.c.h; path = VVConfigurableDataSourceProtocol.h; sourceTree = "<group>"; };
		0D46219123216D9100BEBC6F /* VVConfigurableModel.m */ = {isa = PBXFileReference; fileEncoding = 4; lastKnownFileType = sourcecode.c.objc; path = VVConfigurableModel.m; sourceTree = "<group>"; };
		0D46219223216D9100BEBC6F /* VVConfigurableModelProtocol.h */ = {isa = PBXFileReference; fileEncoding = 4; lastKnownFileType = sourcecode.c.h; path = VVConfigurableModelProtocol.h; sourceTree = "<group>"; };
		0D46219323216D9100BEBC6F /* VVConfigurableModel.h */ = {isa = PBXFileReference; fileEncoding = 4; lastKnownFileType = sourcecode.c.h; path = VVConfigurableModel.h; sourceTree = "<group>"; };
		0D46219523216D9100BEBC6F /* VVConfigurableTableViewHeaderFooterView.h */ = {isa = PBXFileReference; fileEncoding = 4; lastKnownFileType = sourcecode.c.h; path = VVConfigurableTableViewHeaderFooterView.h; sourceTree = "<group>"; };
		0D46219623216D9100BEBC6F /* VVConfigurableTableViewCell.h */ = {isa = PBXFileReference; fileEncoding = 4; lastKnownFileType = sourcecode.c.h; path = VVConfigurableTableViewCell.h; sourceTree = "<group>"; };
		0D46219723216D9100BEBC6F /* VVConfigurableView.h */ = {isa = PBXFileReference; fileEncoding = 4; lastKnownFileType = sourcecode.c.h; path = VVConfigurableView.h; sourceTree = "<group>"; };
		0D46219823216D9100BEBC6F /* VVConfigurableTableViewCell.m */ = {isa = PBXFileReference; fileEncoding = 4; lastKnownFileType = sourcecode.c.objc; path = VVConfigurableTableViewCell.m; sourceTree = "<group>"; };
		0D46219923216D9100BEBC6F /* VVConfigurableTableViewHeaderFooterView.m */ = {isa = PBXFileReference; fileEncoding = 4; lastKnownFileType = sourcecode.c.objc; path = VVConfigurableTableViewHeaderFooterView.m; sourceTree = "<group>"; };
		0D46219A23216D9100BEBC6F /* VVConfigurableView.m */ = {isa = PBXFileReference; fileEncoding = 4; lastKnownFileType = sourcecode.c.objc; path = VVConfigurableView.m; sourceTree = "<group>"; };
		0D46219B23216D9100BEBC6F /* VVConfigurablePresentationProtocol.h */ = {isa = PBXFileReference; fileEncoding = 4; lastKnownFileType = sourcecode.c.h; path = VVConfigurablePresentationProtocol.h; sourceTree = "<group>"; };
		0D46219D23216D9100BEBC6F /* UIView+MVVM.m */ = {isa = PBXFileReference; fileEncoding = 4; lastKnownFileType = sourcecode.c.objc; path = "UIView+MVVM.m"; sourceTree = "<group>"; };
		0D46219E23216D9100BEBC6F /* UITableView+MVVM.h */ = {isa = PBXFileReference; fileEncoding = 4; lastKnownFileType = sourcecode.c.h; path = "UITableView+MVVM.h"; sourceTree = "<group>"; };
		0D46219F23216D9100BEBC6F /* UIViewController+MVVM.h */ = {isa = PBXFileReference; fileEncoding = 4; lastKnownFileType = sourcecode.c.h; path = "UIViewController+MVVM.h"; sourceTree = "<group>"; };
		0D4621A023216D9100BEBC6F /* UICollectionView+MVVM.h */ = {isa = PBXFileReference; fileEncoding = 4; lastKnownFileType = sourcecode.c.h; path = "UICollectionView+MVVM.h"; sourceTree = "<group>"; };
		0D4621A123216D9100BEBC6F /* UITableView+MVVM.m */ = {isa = PBXFileReference; fileEncoding = 4; lastKnownFileType = sourcecode.c.objc; path = "UITableView+MVVM.m"; sourceTree = "<group>"; };
		0D4621A223216D9100BEBC6F /* UIView+MVVM.h */ = {isa = PBXFileReference; fileEncoding = 4; lastKnownFileType = sourcecode.c.h; path = "UIView+MVVM.h"; sourceTree = "<group>"; };
		0D4621A323216D9100BEBC6F /* UIViewController+MVVM.m */ = {isa = PBXFileReference; fileEncoding = 4; lastKnownFileType = sourcecode.c.objc; path = "UIViewController+MVVM.m"; sourceTree = "<group>"; };
		0D4621A423216D9100BEBC6F /* UICollectionView+MVVM.m */ = {isa = PBXFileReference; fileEncoding = 4; lastKnownFileType = sourcecode.c.objc; path = "UICollectionView+MVVM.m"; sourceTree = "<group>"; };
/* End PBXFileReference section */

/* Begin PBXFrameworksBuildPhase section */
		0D46213423216C0F00BEBC6F /* Frameworks */ = {
			isa = PBXFrameworksBuildPhase;
			buildActionMask = 2147483647;
			files = (
			);
			runOnlyForDeploymentPostprocessing = 0;
		};
		0D46214C23216C1000BEBC6F /* Frameworks */ = {
			isa = PBXFrameworksBuildPhase;
			buildActionMask = 2147483647;
			files = (
			);
			runOnlyForDeploymentPostprocessing = 0;
		};
		0D46215723216C1000BEBC6F /* Frameworks */ = {
			isa = PBXFrameworksBuildPhase;
			buildActionMask = 2147483647;
			files = (
			);
			runOnlyForDeploymentPostprocessing = 0;
		};
/* End PBXFrameworksBuildPhase section */

/* Begin PBXGroup section */
		0D46212E23216C0F00BEBC6F = {
			isa = PBXGroup;
			children = (
				0D46213923216C0F00BEBC6F /* PMVC */,
				0D46215223216C1000BEBC6F /* PMVCTests */,
				0D46215D23216C1000BEBC6F /* PMVCUITests */,
				0D46213823216C0F00BEBC6F /* Products */,
			);
			sourceTree = "<group>";
		};
		0D46213823216C0F00BEBC6F /* Products */ = {
			isa = PBXGroup;
			children = (
				0D46213723216C0F00BEBC6F /* PMVC.app */,
				0D46214F23216C1000BEBC6F /* PMVCTests.xctest */,
				0D46215A23216C1000BEBC6F /* PMVCUITests.xctest */,
			);
			name = Products;
			sourceTree = "<group>";
		};
		0D46213923216C0F00BEBC6F /* PMVC */ = {
			isa = PBXGroup;
			children = (
				0D46217223216D9100BEBC6F /* Components */,
				0D46218B23216D9100BEBC6F /* ConfigurableView */,
				0D46219C23216D9100BEBC6F /* MVVM */,
				0D46213A23216C0F00BEBC6F /* AppDelegate.h */,
				0D46213B23216C0F00BEBC6F /* AppDelegate.m */,
				0D46213D23216C0F00BEBC6F /* ViewController.h */,
				0D46213E23216C0F00BEBC6F /* ViewController.m */,
				0D46214023216C0F00BEBC6F /* Main.storyboard */,
				0D46214323216C1000BEBC6F /* Assets.xcassets */,
				0D46214523216C1000BEBC6F /* LaunchScreen.storyboard */,
				0D46214823216C1000BEBC6F /* Info.plist */,
				0D46214923216C1000BEBC6F /* main.m */,
			);
			path = PMVC;
			sourceTree = "<group>";
		};
		0D46215223216C1000BEBC6F /* PMVCTests */ = {
			isa = PBXGroup;
			children = (
				0D46215323216C1000BEBC6F /* PMVCTests.m */,
				0D46215523216C1000BEBC6F /* Info.plist */,
			);
			path = PMVCTests;
			sourceTree = "<group>";
		};
		0D46215D23216C1000BEBC6F /* PMVCUITests */ = {
			isa = PBXGroup;
			children = (
				0D46215E23216C1000BEBC6F /* PMVCUITests.m */,
				0D46216023216C1000BEBC6F /* Info.plist */,
			);
			path = PMVCUITests;
			sourceTree = "<group>";
		};
		0D46217223216D9100BEBC6F /* Components */ = {
			isa = PBXGroup;
			children = (
				0D46217323216D9100BEBC6F /* UITextView(MVVM).m */,
				0D46217423216D9100BEBC6F /* VVPureEmotionsInputView.m */,
				0D46217523216D9100BEBC6F /* UIMvvmView.h */,
				0D46217623216D9100BEBC6F /* UITextViewLengthFilter.h */,
				0D46217723216D9100BEBC6F /* UIMvvmScrollView.h */,
				0D46217823216D9100BEBC6F /* UIMvvmLabel.h */,
				0D46217923216D9100BEBC6F /* UIMVVMButton.h */,
				0D46217A23216D9100BEBC6F /* NSObject+HeadElasticity.h */,
				0D46217B23216D9100BEBC6F /* UIViewControllerMvvmExentionBridger.h */,
				0D46217C23216D9100BEBC6F /* UIMvvmKeyboardManager.m */,
				0D46217D23216D9100BEBC6F /* UIButton+VVTouch.h */,
				0D46217E23216D9100BEBC6F /* UITextFieldLengthFilter.h */,
				0D46217F23216D9100BEBC6F /* VVPureEmotionsInputView.h */,
				0D46218023216D9100BEBC6F /* UITextView(MVVM).h */,
				0D46218123216D9100BEBC6F /* UIMvvmScrollView.m */,
				0D46218223216D9100BEBC6F /* UIMvvmLabel.m */,
				0D46218323216D9100BEBC6F /* UITextViewLengthFilter.m */,
				0D46218423216D9100BEBC6F /* UIMvvmView.m */,
				0D46218523216D9100BEBC6F /* UIMVVMButton.m */,
				0D46218623216D9100BEBC6F /* UIButton+VVTouch.m */,
				0D46218723216D9100BEBC6F /* UITextFieldLengthFilter.m */,
				0D46218823216D9100BEBC6F /* UIMvvmKeyboardManager.h */,
				0D46218923216D9100BEBC6F /* UIViewControllerMvvmExentionBridger.m */,
				0D46218A23216D9100BEBC6F /* NSObject+HeadElasticity.m */,
			);
			path = Components;
			sourceTree = "<group>";
		};
		0D46218B23216D9100BEBC6F /* ConfigurableView */ = {
			isa = PBXGroup;
			children = (
				0D46218E23216D9100BEBC6F /* VVConfigurableDelegateProtocol.h */,
				0D46218F23216D9100BEBC6F /* VVConfigurableDataSourceProtocol.h */,
				0D46219723216D9100BEBC6F /* VVConfigurableView.h */,
				0D46219A23216D9100BEBC6F /* VVConfigurableView.m */,
				0D46219023216D9100BEBC6F /* Model */,
				0D46219423216D9100BEBC6F /* Views */,
			);
			path = ConfigurableView;
			sourceTree = "<group>";
		};
		0D46219023216D9100BEBC6F /* Model */ = {
			isa = PBXGroup;
			children = (
				0D46219123216D9100BEBC6F /* VVConfigurableModel.m */,
				0D46219223216D9100BEBC6F /* VVConfigurableModelProtocol.h */,
				0D46219323216D9100BEBC6F /* VVConfigurableModel.h */,
			);
			path = Model;
			sourceTree = "<group>";
		};
		0D46219423216D9100BEBC6F /* Views */ = {
			isa = PBXGroup;
			children = (
				0D46219B23216D9100BEBC6F /* VVConfigurablePresentationProtocol.h */,
				0D46219823216D9100BEBC6F /* VVConfigurableTableViewCell.m */,
				0D46219623216D9100BEBC6F /* VVConfigurableTableViewCell.h */,
				0D46219523216D9100BEBC6F /* VVConfigurableTableViewHeaderFooterView.h */,
				0D46219923216D9100BEBC6F /* VVConfigurableTableViewHeaderFooterView.m */,
			);
			path = Views;
			sourceTree = "<group>";
		};
		0D46219C23216D9100BEBC6F /* MVVM */ = {
			isa = PBXGroup;
			children = (
				0D46219D23216D9100BEBC6F /* UIView+MVVM.m */,
				0D46219E23216D9100BEBC6F /* UITableView+MVVM.h */,
				0D46219F23216D9100BEBC6F /* UIViewController+MVVM.h */,
				0D4621A023216D9100BEBC6F /* UICollectionView+MVVM.h */,
				0D4621A123216D9100BEBC6F /* UITableView+MVVM.m */,
				0D4621A223216D9100BEBC6F /* UIView+MVVM.h */,
				0D4621A323216D9100BEBC6F /* UIViewController+MVVM.m */,
				0D4621A423216D9100BEBC6F /* UICollectionView+MVVM.m */,
			);
			path = MVVM;
			sourceTree = "<group>";
		};
/* End PBXGroup section */

/* Begin PBXNativeTarget section */
		0D46213623216C0F00BEBC6F /* PMVC */ = {
			isa = PBXNativeTarget;
			buildConfigurationList = 0D46216323216C1000BEBC6F /* Build configuration list for PBXNativeTarget "PMVC" */;
			buildPhases = (
				0D46213323216C0F00BEBC6F /* Sources */,
				0D46213423216C0F00BEBC6F /* Frameworks */,
				0D46213523216C0F00BEBC6F /* Resources */,
			);
			buildRules = (
			);
			dependencies = (
			);
			name = PMVC;
			productName = PMVC;
			productReference = 0D46213723216C0F00BEBC6F /* PMVC.app */;
			productType = "com.apple.product-type.application";
		};
		0D46214E23216C1000BEBC6F /* PMVCTests */ = {
			isa = PBXNativeTarget;
			buildConfigurationList = 0D46216623216C1000BEBC6F /* Build configuration list for PBXNativeTarget "PMVCTests" */;
			buildPhases = (
				0D46214B23216C1000BEBC6F /* Sources */,
				0D46214C23216C1000BEBC6F /* Frameworks */,
				0D46214D23216C1000BEBC6F /* Resources */,
			);
			buildRules = (
			);
			dependencies = (
				0D46215123216C1000BEBC6F /* PBXTargetDependency */,
			);
			name = PMVCTests;
			productName = PMVCTests;
			productReference = 0D46214F23216C1000BEBC6F /* PMVCTests.xctest */;
			productType = "com.apple.product-type.bundle.unit-test";
		};
		0D46215923216C1000BEBC6F /* PMVCUITests */ = {
			isa = PBXNativeTarget;
			buildConfigurationList = 0D46216923216C1000BEBC6F /* Build configuration list for PBXNativeTarget "PMVCUITests" */;
			buildPhases = (
				0D46215623216C1000BEBC6F /* Sources */,
				0D46215723216C1000BEBC6F /* Frameworks */,
				0D46215823216C1000BEBC6F /* Resources */,
			);
			buildRules = (
			);
			dependencies = (
				0D46215C23216C1000BEBC6F /* PBXTargetDependency */,
			);
			name = PMVCUITests;
			productName = PMVCUITests;
			productReference = 0D46215A23216C1000BEBC6F /* PMVCUITests.xctest */;
			productType = "com.apple.product-type.bundle.ui-testing";
		};
/* End PBXNativeTarget section */

/* Begin PBXProject section */
		0D46212F23216C0F00BEBC6F /* Project object */ = {
			isa = PBXProject;
			attributes = {
				LastUpgradeCheck = 1030;
				ORGANIZATIONNAME = "jufan wang";
				TargetAttributes = {
					0D46213623216C0F00BEBC6F = {
						CreatedOnToolsVersion = 10.3;
					};
					0D46214E23216C1000BEBC6F = {
						CreatedOnToolsVersion = 10.3;
						TestTargetID = 0D46213623216C0F00BEBC6F;
					};
					0D46215923216C1000BEBC6F = {
						CreatedOnToolsVersion = 10.3;
						TestTargetID = 0D46213623216C0F00BEBC6F;
					};
				};
			};
			buildConfigurationList = 0D46213223216C0F00BEBC6F /* Build configuration list for PBXProject "PMVC" */;
			compatibilityVersion = "Xcode 9.3";
			developmentRegion = en;
			hasScannedForEncodings = 0;
			knownRegions = (
				en,
				Base,
			);
			mainGroup = 0D46212E23216C0F00BEBC6F;
			productRefGroup = 0D46213823216C0F00BEBC6F /* Products */;
			projectDirPath = "";
			projectRoot = "";
			targets = (
				0D46213623216C0F00BEBC6F /* PMVC */,
				0D46214E23216C1000BEBC6F /* PMVCTests */,
				0D46215923216C1000BEBC6F /* PMVCUITests */,
			);
		};
/* End PBXProject section */

/* Begin PBXResourcesBuildPhase section */
		0D46213523216C0F00BEBC6F /* Resources */ = {
			isa = PBXResourcesBuildPhase;
			buildActionMask = 2147483647;
			files = (
				0D46214723216C1000BEBC6F /* LaunchScreen.storyboard in Resources */,
				0D46214423216C1000BEBC6F /* Assets.xcassets in Resources */,
				0D46214223216C0F00BEBC6F /* Main.storyboard in Resources */,
			);
			runOnlyForDeploymentPostprocessing = 0;
		};
		0D46214D23216C1000BEBC6F /* Resources */ = {
			isa = PBXResourcesBuildPhase;
			buildActionMask = 2147483647;
			files = (
			);
			runOnlyForDeploymentPostprocessing = 0;
		};
		0D46215823216C1000BEBC6F /* Resources */ = {
			isa = PBXResourcesBuildPhase;
			buildActionMask = 2147483647;
			files = (
			);
			runOnlyForDeploymentPostprocessing = 0;
		};
/* End PBXResourcesBuildPhase section */

/* Begin PBXSourcesBuildPhase section */
		0D46213323216C0F00BEBC6F /* Sources */ = {
			isa = PBXSourcesBuildPhase;
			buildActionMask = 2147483647;
			files = (
				0D4621A723216D9100BEBC6F /* UIMvvmKeyboardManager.m in Sources */,
				0D46213F23216C0F00BEBC6F /* ViewController.m in Sources */,
				0D4621B523216D9100BEBC6F /* UIView+MVVM.m in Sources */,
				0D4621AA23216D9100BEBC6F /* UITextViewLengthFilter.m in Sources */,
				0D4621A623216D9100BEBC6F /* VVPureEmotionsInputView.m in Sources */,
				0D4621AB23216D9100BEBC6F /* UIMvvmView.m in Sources */,
				0D4621B623216D9100BEBC6F /* UITableView+MVVM.m in Sources */,
				0D4621B823216D9100BEBC6F /* UICollectionView+MVVM.m in Sources */,
				0D4621AD23216D9100BEBC6F /* UIButton+VVTouch.m in Sources */,
				0D4621B423216D9100BEBC6F /* VVConfigurableView.m in Sources */,
				0D4621B023216D9100BEBC6F /* NSObject+HeadElasticity.m in Sources */,
				0D4621AF23216D9100BEBC6F /* UIViewControllerMvvmExentionBridger.m in Sources */,
				0D4621B223216D9100BEBC6F /* VVConfigurableTableViewCell.m in Sources */,
				0D4621B723216D9100BEBC6F /* UIViewController+MVVM.m in Sources */,
				0D4621AE23216D9100BEBC6F /* UITextFieldLengthFilter.m in Sources */,
				0D4621AC23216D9100BEBC6F /* UIMVVMButton.m in Sources */,
				0D4621B323216D9100BEBC6F /* VVConfigurableTableViewHeaderFooterView.m in Sources */,
				0D46214A23216C1000BEBC6F /* main.m in Sources */,
				0D4621A923216D9100BEBC6F /* UIMvvmLabel.m in Sources */,
				0D4621A523216D9100BEBC6F /* UITextView(MVVM).m in Sources */,
				0D4621A823216D9100BEBC6F /* UIMvvmScrollView.m in Sources */,
				0D4621B123216D9100BEBC6F /* VVConfigurableModel.m in Sources */,
				0D46213C23216C0F00BEBC6F /* AppDelegate.m in Sources */,
			);
			runOnlyForDeploymentPostprocessing = 0;
		};
		0D46214B23216C1000BEBC6F /* Sources */ = {
			isa = PBXSourcesBuildPhase;
			buildActionMask = 2147483647;
			files = (
				0D46215423216C1000BEBC6F /* PMVCTests.m in Sources */,
			);
			runOnlyForDeploymentPostprocessing = 0;
		};
		0D46215623216C1000BEBC6F /* Sources */ = {
			isa = PBXSourcesBuildPhase;
			buildActionMask = 2147483647;
			files = (
				0D46215F23216C1000BEBC6F /* PMVCUITests.m in Sources */,
			);
			runOnlyForDeploymentPostprocessing = 0;
		};
/* End PBXSourcesBuildPhase section */

/* Begin PBXTargetDependency section */
		0D46215123216C1000BEBC6F /* PBXTargetDependency */ = {
			isa = PBXTargetDependency;
			target = 0D46213623216C0F00BEBC6F /* PMVC */;
			targetProxy = 0D46215023216C1000BEBC6F /* PBXContainerItemProxy */;
		};
		0D46215C23216C1000BEBC6F /* PBXTargetDependency */ = {
			isa = PBXTargetDependency;
			target = 0D46213623216C0F00BEBC6F /* PMVC */;
			targetProxy = 0D46215B23216C1000BEBC6F /* PBXContainerItemProxy */;
		};
/* End PBXTargetDependency section */

/* Begin PBXVariantGroup section */
		0D46214023216C0F00BEBC6F /* Main.storyboard */ = {
			isa = PBXVariantGroup;
			children = (
				0D46214123216C0F00BEBC6F /* Base */,
			);
			name = Main.storyboard;
			sourceTree = "<group>";
		};
		0D46214523216C1000BEBC6F /* LaunchScreen.storyboard */ = {
			isa = PBXVariantGroup;
			children = (
				0D46214623216C1000BEBC6F /* Base */,
			);
			name = LaunchScreen.storyboard;
			sourceTree = "<group>";
		};
/* End PBXVariantGroup section */

/* Begin XCBuildConfiguration section */
		0D46216123216C1000BEBC6F /* Debug */ = {
			isa = XCBuildConfiguration;
			buildSettings = {
				ALWAYS_SEARCH_USER_PATHS = NO;
				CLANG_ANALYZER_NONNULL = YES;
				CLANG_ANALYZER_NUMBER_OBJECT_CONVERSION = YES_AGGRESSIVE;
				CLANG_CXX_LANGUAGE_STANDARD = "gnu++14";
				CLANG_CXX_LIBRARY = "libc++";
				CLANG_ENABLE_MODULES = YES;
				CLANG_ENABLE_OBJC_ARC = YES;
				CLANG_ENABLE_OBJC_WEAK = YES;
				CLANG_WARN_BLOCK_CAPTURE_AUTORELEASING = YES;
				CLANG_WARN_BOOL_CONVERSION = YES;
				CLANG_WARN_COMMA = YES;
				CLANG_WARN_CONSTANT_CONVERSION = YES;
				CLANG_WARN_DEPRECATED_OBJC_IMPLEMENTATIONS = YES;
				CLANG_WARN_DIRECT_OBJC_ISA_USAGE = YES_ERROR;
				CLANG_WARN_DOCUMENTATION_COMMENTS = YES;
				CLANG_WARN_EMPTY_BODY = YES;
				CLANG_WARN_ENUM_CONVERSION = YES;
				CLANG_WARN_INFINITE_RECURSION = YES;
				CLANG_WARN_INT_CONVERSION = YES;
				CLANG_WARN_NON_LITERAL_NULL_CONVERSION = YES;
				CLANG_WARN_OBJC_IMPLICIT_RETAIN_SELF = YES;
				CLANG_WARN_OBJC_LITERAL_CONVERSION = YES;
				CLANG_WARN_OBJC_ROOT_CLASS = YES_ERROR;
				CLANG_WARN_RANGE_LOOP_ANALYSIS = YES;
				CLANG_WARN_STRICT_PROTOTYPES = YES;
				CLANG_WARN_SUSPICIOUS_MOVE = YES;
				CLANG_WARN_UNGUARDED_AVAILABILITY = YES_AGGRESSIVE;
				CLANG_WARN_UNREACHABLE_CODE = YES;
				CLANG_WARN__DUPLICATE_METHOD_MATCH = YES;
				CODE_SIGN_IDENTITY = "iPhone Developer";
				COPY_PHASE_STRIP = NO;
				DEBUG_INFORMATION_FORMAT = dwarf;
				ENABLE_STRICT_OBJC_MSGSEND = YES;
				ENABLE_TESTABILITY = YES;
				GCC_C_LANGUAGE_STANDARD = gnu11;
				GCC_DYNAMIC_NO_PIC = NO;
				GCC_NO_COMMON_BLOCKS = YES;
				GCC_OPTIMIZATION_LEVEL = 0;
				GCC_PREPROCESSOR_DEFINITIONS = (
					"DEBUG=1",
					"$(inherited)",
				);
				GCC_WARN_64_TO_32_BIT_CONVERSION = YES;
				GCC_WARN_ABOUT_RETURN_TYPE = YES_ERROR;
				GCC_WARN_UNDECLARED_SELECTOR = YES;
				GCC_WARN_UNINITIALIZED_AUTOS = YES_AGGRESSIVE;
				GCC_WARN_UNUSED_FUNCTION = YES;
				GCC_WARN_UNUSED_VARIABLE = YES;
				IPHONEOS_DEPLOYMENT_TARGET = 12.4;
				MTL_ENABLE_DEBUG_INFO = INCLUDE_SOURCE;
				MTL_FAST_MATH = YES;
				ONLY_ACTIVE_ARCH = YES;
				SDKROOT = iphoneos;
			};
			name = Debug;
		};
		0D46216223216C1000BEBC6F /* Release */ = {
			isa = XCBuildConfiguration;
			buildSettings = {
				ALWAYS_SEARCH_USER_PATHS = NO;
				CLANG_ANALYZER_NONNULL = YES;
				CLANG_ANALYZER_NUMBER_OBJECT_CONVERSION = YES_AGGRESSIVE;
				CLANG_CXX_LANGUAGE_STANDARD = "gnu++14";
				CLANG_CXX_LIBRARY = "libc++";
				CLANG_ENABLE_MODULES = YES;
				CLANG_ENABLE_OBJC_ARC = YES;
				CLANG_ENABLE_OBJC_WEAK = YES;
				CLANG_WARN_BLOCK_CAPTURE_AUTORELEASING = YES;
				CLANG_WARN_BOOL_CONVERSION = YES;
				CLANG_WARN_COMMA = YES;
				CLANG_WARN_CONSTANT_CONVERSION = YES;
				CLANG_WARN_DEPRECATED_OBJC_IMPLEMENTATIONS = YES;
				CLANG_WARN_DIRECT_OBJC_ISA_USAGE = YES_ERROR;
				CLANG_WARN_DOCUMENTATION_COMMENTS = YES;
				CLANG_WARN_EMPTY_BODY = YES;
				CLANG_WARN_ENUM_CONVERSION = YES;
				CLANG_WARN_INFINITE_RECURSION = YES;
				CLANG_WARN_INT_CONVERSION = YES;
				CLANG_WARN_NON_LITERAL_NULL_CONVERSION = YES;
				CLANG_WARN_OBJC_IMPLICIT_RETAIN_SELF = YES;
				CLANG_WARN_OBJC_LITERAL_CONVERSION = YES;
				CLANG_WARN_OBJC_ROOT_CLASS = YES_ERROR;
				CLANG_WARN_RANGE_LOOP_ANALYSIS = YES;
				CLANG_WARN_STRICT_PROTOTYPES = YES;
				CLANG_WARN_SUSPICIOUS_MOVE = YES;
				CLANG_WARN_UNGUARDED_AVAILABILITY = YES_AGGRESSIVE;
				CLANG_WARN_UNREACHABLE_CODE = YES;
				CLANG_WARN__DUPLICATE_METHOD_MATCH = YES;
				CODE_SIGN_IDENTITY = "iPhone Developer";
				COPY_PHASE_STRIP = NO;
				DEBUG_INFORMATION_FORMAT = "dwarf-with-dsym";
				ENABLE_NS_ASSERTIONS = NO;
				ENABLE_STRICT_OBJC_MSGSEND = YES;
				GCC_C_LANGUAGE_STANDARD = gnu11;
				GCC_NO_COMMON_BLOCKS = YES;
				GCC_WARN_64_TO_32_BIT_CONVERSION = YES;
				GCC_WARN_ABOUT_RETURN_TYPE = YES_ERROR;
				GCC_WARN_UNDECLARED_SELECTOR = YES;
				GCC_WARN_UNINITIALIZED_AUTOS = YES_AGGRESSIVE;
				GCC_WARN_UNUSED_FUNCTION = YES;
				GCC_WARN_UNUSED_VARIABLE = YES;
				IPHONEOS_DEPLOYMENT_TARGET = 12.4;
				MTL_ENABLE_DEBUG_INFO = NO;
				MTL_FAST_MATH = YES;
				SDKROOT = iphoneos;
				VALIDATE_PRODUCT = YES;
			};
			name = Release;
		};
		0D46216423216C1000BEBC6F /* Debug */ = {
			isa = XCBuildConfiguration;
			buildSettings = {
				ASSETCATALOG_COMPILER_APPICON_NAME = AppIcon;
				CODE_SIGN_STYLE = Automatic;
				INFOPLIST_FILE = PMVC/Info.plist;
				LD_RUNPATH_SEARCH_PATHS = (
					"$(inherited)",
					"@executable_path/Frameworks",
				);
				PRODUCT_BUNDLE_IDENTIFIER = pmvc.com.PMVC;
				PRODUCT_NAME = "$(TARGET_NAME)";
				TARGETED_DEVICE_FAMILY = "1,2";
			};
			name = Debug;
		};
		0D46216523216C1000BEBC6F /* Release */ = {
			isa = XCBuildConfiguration;
			buildSettings = {
				ASSETCATALOG_COMPILER_APPICON_NAME = AppIcon;
				CODE_SIGN_STYLE = Automatic;
				INFOPLIST_FILE = PMVC/Info.plist;
				LD_RUNPATH_SEARCH_PATHS = (
					"$(inherited)",
					"@executable_path/Frameworks",
				);
				PRODUCT_BUNDLE_IDENTIFIER = pmvc.com.PMVC;
				PRODUCT_NAME = "$(TARGET_NAME)";
				TARGETED_DEVICE_FAMILY = "1,2";
			};
			name = Release;
		};
		0D46216723216C1000BEBC6F /* Debug */ = {
			isa = XCBuildConfiguration;
			buildSettings = {
				BUNDLE_LOADER = "$(TEST_HOST)";
				CODE_SIGN_STYLE = Automatic;
				INFOPLIST_FILE = PMVCTests/Info.plist;
				LD_RUNPATH_SEARCH_PATHS = (
					"$(inherited)",
					"@executable_path/Frameworks",
					"@loader_path/Frameworks",
				);
				PRODUCT_BUNDLE_IDENTIFIER = pmvc.com.PMVCTests;
				PRODUCT_NAME = "$(TARGET_NAME)";
				TARGETED_DEVICE_FAMILY = "1,2";
				TEST_HOST = "$(BUILT_PRODUCTS_DIR)/PMVC.app/PMVC";
			};
			name = Debug;
		};
		0D46216823216C1000BEBC6F /* Release */ = {
			isa = XCBuildConfiguration;
			buildSettings = {
				BUNDLE_LOADER = "$(TEST_HOST)";
				CODE_SIGN_STYLE = Automatic;
				INFOPLIST_FILE = PMVCTests/Info.plist;
				LD_RUNPATH_SEARCH_PATHS = (
					"$(inherited)",
					"@executable_path/Frameworks",
					"@loader_path/Frameworks",
				);
				PRODUCT_BUNDLE_IDENTIFIER = pmvc.com.PMVCTests;
				PRODUCT_NAME = "$(TARGET_NAME)";
				TARGETED_DEVICE_FAMILY = "1,2";
				TEST_HOST = "$(BUILT_PRODUCTS_DIR)/PMVC.app/PMVC";
			};
			name = Release;
		};
		0D46216A23216C1000BEBC6F /* Debug */ = {
			isa = XCBuildConfiguration;
			buildSettings = {
				CODE_SIGN_STYLE = Automatic;
				INFOPLIST_FILE = PMVCUITests/Info.plist;
				LD_RUNPATH_SEARCH_PATHS = (
					"$(inherited)",
					"@executable_path/Frameworks",
					"@loader_path/Frameworks",
				);
				PRODUCT_BUNDLE_IDENTIFIER = pmvc.com.PMVCUITests;
				PRODUCT_NAME = "$(TARGET_NAME)";
				TARGETED_DEVICE_FAMILY = "1,2";
				TEST_TARGET_NAME = PMVC;
			};
			name = Debug;
		};
		0D46216B23216C1000BEBC6F /* Release */ = {
			isa = XCBuildConfiguration;
			buildSettings = {
				CODE_SIGN_STYLE = Automatic;
				INFOPLIST_FILE = PMVCUITests/Info.plist;
				LD_RUNPATH_SEARCH_PATHS = (
					"$(inherited)",
					"@executable_path/Frameworks",
					"@loader_path/Frameworks",
				);
				PRODUCT_BUNDLE_IDENTIFIER = pmvc.com.PMVCUITests;
				PRODUCT_NAME = "$(TARGET_NAME)";
				TARGETED_DEVICE_FAMILY = "1,2";
				TEST_TARGET_NAME = PMVC;
			};
			name = Release;
		};
/* End XCBuildConfiguration section */

/* Begin XCConfigurationList section */
		0D46213223216C0F00BEBC6F /* Build configuration list for PBXProject "PMVC" */ = {
			isa = XCConfigurationList;
			buildConfigurations = (
				0D46216123216C1000BEBC6F /* Debug */,
				0D46216223216C1000BEBC6F /* Release */,
			);
			defaultConfigurationIsVisible = 0;
			defaultConfigurationName = Release;
		};
		0D46216323216C1000BEBC6F /* Build configuration list for PBXNativeTarget "PMVC" */ = {
			isa = XCConfigurationList;
			buildConfigurations = (
				0D46216423216C1000BEBC6F /* Debug */,
				0D46216523216C1000BEBC6F /* Release */,
			);
			defaultConfigurationIsVisible = 0;
			defaultConfigurationName = Release;
		};
		0D46216623216C1000BEBC6F /* Build configuration list for PBXNativeTarget "PMVCTests" */ = {
			isa = XCConfigurationList;
			buildConfigurations = (
				0D46216723216C1000BEBC6F /* Debug */,
				0D46216823216C1000BEBC6F /* Release */,
			);
			defaultConfigurationIsVisible = 0;
			defaultConfigurationName = Release;
		};
		0D46216923216C1000BEBC6F /* Build configuration list for PBXNativeTarget "PMVCUITests" */ = {
			isa = XCConfigurationList;
			buildConfigurations = (
				0D46216A23216C1000BEBC6F /* Debug */,
				0D46216B23216C1000BEBC6F /* Release */,
			);
			defaultConfigurationIsVisible = 0;
			defaultConfigurationName = Release;
		};
/* End XCConfigurationList section */
	};
	rootObject = 0D46212F23216C0F00BEBC6F /* Project object */;
}
